// !$*UTF8*$!
{
	archiveVersion = 1;
	classes = {
	};
	objectVersion = 48;
	objects = {

/* Begin PBXBuildFile section */
		8A0D700F1F934CCB0034C66D /* AppDelegate.swift in Sources */ = {isa = PBXBuildFile; fileRef = 8A0D700E1F934CCB0034C66D /* AppDelegate.swift */; };
		8A0D70111F934CCB0034C66D /* ViewController.swift in Sources */ = {isa = PBXBuildFile; fileRef = 8A0D70101F934CCB0034C66D /* ViewController.swift */; };
		8A0D70141F934CCB0034C66D /* Main.storyboard in Resources */ = {isa = PBXBuildFile; fileRef = 8A0D70121F934CCB0034C66D /* Main.storyboard */; };
		8A0D70161F934CCB0034C66D /* Assets.xcassets in Resources */ = {isa = PBXBuildFile; fileRef = 8A0D70151F934CCB0034C66D /* Assets.xcassets */; };
		8A0D70191F934CCB0034C66D /* LaunchScreen.storyboard in Resources */ = {isa = PBXBuildFile; fileRef = 8A0D70171F934CCB0034C66D /* LaunchScreen.storyboard */; };
		8A0D70241F934CCC0034C66D /* HorizontalListTests.swift in Sources */ = {isa = PBXBuildFile; fileRef = 8A0D70231F934CCC0034C66D /* HorizontalListTests.swift */; };
		8A0D702F1F934CCC0034C66D /* HorizontalListUITests.swift in Sources */ = {isa = PBXBuildFile; fileRef = 8A0D702E1F934CCC0034C66D /* HorizontalListUITests.swift */; };
		8A0D703E1F934CFC0034C66D /* HorizontalList.swift in Sources */ = {isa = PBXBuildFile; fileRef = 8A0D703D1F934CFC0034C66D /* HorizontalList.swift */; };
/* End PBXBuildFile section */

/* Begin PBXContainerItemProxy section */
		8A0D70201F934CCC0034C66D /* PBXContainerItemProxy */ = {
			isa = PBXContainerItemProxy;
			containerPortal = 8A0D70031F934CCB0034C66D /* Project object */;
			proxyType = 1;
			remoteGlobalIDString = 8A0D700A1F934CCB0034C66D;
			remoteInfo = HorizontalList;
		};
		8A0D702B1F934CCC0034C66D /* PBXContainerItemProxy */ = {
			isa = PBXContainerItemProxy;
			containerPortal = 8A0D70031F934CCB0034C66D /* Project object */;
			proxyType = 1;
			remoteGlobalIDString = 8A0D700A1F934CCB0034C66D;
			remoteInfo = HorizontalList;
		};
/* End PBXContainerItemProxy section */

/* Begin PBXFileReference section */
		8A0D700B1F934CCB0034C66D /* HorizontalList.app */ = {isa = PBXFileReference; explicitFileType = wrapper.application; includeInIndex = 0; path = HorizontalList.app; sourceTree = BUILT_PRODUCTS_DIR; };
		8A0D700E1F934CCB0034C66D /* AppDelegate.swift */ = {isa = PBXFileReference; lastKnownFileType = sourcecode.swift; path = AppDelegate.swift; sourceTree = "<group>"; };
		8A0D70101F934CCB0034C66D /* ViewController.swift */ = {isa = PBXFileReference; lastKnownFileType = sourcecode.swift; path = ViewController.swift; sourceTree = "<group>"; };
		8A0D70131F934CCB0034C66D /* Base */ = {isa = PBXFileReference; lastKnownFileType = file.storyboard; name = Base; path = Base.lproj/Main.storyboard; sourceTree = "<group>"; };
		8A0D70151F934CCB0034C66D /* Assets.xcassets */ = {isa = PBXFileReference; lastKnownFileType = folder.assetcatalog; path = Assets.xcassets; sourceTree = "<group>"; };
		8A0D70181F934CCB0034C66D /* Base */ = {isa = PBXFileReference; lastKnownFileType = file.storyboard; name = Base; path = Base.lproj/LaunchScreen.storyboard; sourceTree = "<group>"; };
		8A0D701A1F934CCB0034C66D /* Info.plist */ = {isa = PBXFileReference; lastKnownFileType = text.plist.xml; path = Info.plist; sourceTree = "<group>"; };
		8A0D701F1F934CCC0034C66D /* HorizontalListTests.xctest */ = {isa = PBXFileReference; explicitFileType = wrapper.cfbundle; includeInIndex = 0; path = HorizontalListTests.xctest; sourceTree = BUILT_PRODUCTS_DIR; };
		8A0D70231F934CCC0034C66D /* HorizontalListTests.swift */ = {isa = PBXFileReference; lastKnownFileType = sourcecode.swift; path = HorizontalListTests.swift; sourceTree = "<group>"; };
		8A0D70251F934CCC0034C66D /* Info.plist */ = {isa = PBXFileReference; lastKnownFileType = text.plist.xml; path = Info.plist; sourceTree = "<group>"; };
		8A0D702A1F934CCC0034C66D /* HorizontalListUITests.xctest */ = {isa = PBXFileReference; explicitFileType = wrapper.cfbundle; includeInIndex = 0; path = HorizontalListUITests.xctest; sourceTree = BUILT_PRODUCTS_DIR; };
		8A0D702E1F934CCC0034C66D /* HorizontalListUITests.swift */ = {isa = PBXFileReference; lastKnownFileType = sourcecode.swift; path = HorizontalListUITests.swift; sourceTree = "<group>"; };
		8A0D70301F934CCC0034C66D /* Info.plist */ = {isa = PBXFileReference; lastKnownFileType = text.plist.xml; path = Info.plist; sourceTree = "<group>"; };
		8A0D703D1F934CFC0034C66D /* HorizontalList.swift */ = {isa = PBXFileReference; lastKnownFileType = sourcecode.swift; path = HorizontalList.swift; sourceTree = "<group>"; };
/* End PBXFileReference section */

/* Begin PBXFrameworksBuildPhase section */
		8A0D70081F934CCB0034C66D /* Frameworks */ = {
			isa = PBXFrameworksBuildPhase;
			buildActionMask = 2147483647;
			files = (
			);
			runOnlyForDeploymentPostprocessing = 0;
		};
		8A0D701C1F934CCC0034C66D /* Frameworks */ = {
			isa = PBXFrameworksBuildPhase;
			buildActionMask = 2147483647;
			files = (
			);
			runOnlyForDeploymentPostprocessing = 0;
		};
		8A0D70271F934CCC0034C66D /* Frameworks */ = {
			isa = PBXFrameworksBuildPhase;
			buildActionMask = 2147483647;
			files = (
			);
			runOnlyForDeploymentPostprocessing = 0;
		};
/* End PBXFrameworksBuildPhase section */

/* Begin PBXGroup section */
		8A0D70021F934CCB0034C66D = {
			isa = PBXGroup;
			children = (
				8A0D700D1F934CCB0034C66D /* HorizontalList */,
				8A0D70221F934CCC0034C66D /* HorizontalListTests */,
				8A0D702D1F934CCC0034C66D /* HorizontalListUITests */,
				8A0D700C1F934CCB0034C66D /* Products */,
			);
			sourceTree = "<group>";
		};
		8A0D700C1F934CCB0034C66D /* Products */ = {
			isa = PBXGroup;
			children = (
				8A0D700B1F934CCB0034C66D /* HorizontalList.app */,
				8A0D701F1F934CCC0034C66D /* HorizontalListTests.xctest */,
				8A0D702A1F934CCC0034C66D /* HorizontalListUITests.xctest */,
			);
			name = Products;
			sourceTree = "<group>";
		};
		8A0D700D1F934CCB0034C66D /* HorizontalList */ = {
			isa = PBXGroup;
			children = (
				8A0D700E1F934CCB0034C66D /* AppDelegate.swift */,
				8A0D70101F934CCB0034C66D /* ViewController.swift */,
				8A0D70121F934CCB0034C66D /* Main.storyboard */,
				8A0D70151F934CCB0034C66D /* Assets.xcassets */,
				8A0D70171F934CCB0034C66D /* LaunchScreen.storyboard */,
				8A0D701A1F934CCB0034C66D /* Info.plist */,
				8A0D703D1F934CFC0034C66D /* HorizontalList.swift */,
			);
			path = HorizontalList;
			sourceTree = "<group>";
		};
		8A0D70221F934CCC0034C66D /* HorizontalListTests */ = {
			isa = PBXGroup;
			children = (
				8A0D70231F934CCC0034C66D /* HorizontalListTests.swift */,
				8A0D70251F934CCC0034C66D /* Info.plist */,
			);
			path = HorizontalListTests;
			sourceTree = "<group>";
		};
		8A0D702D1F934CCC0034C66D /* HorizontalListUITests */ = {
			isa = PBXGroup;
			children = (
				8A0D702E1F934CCC0034C66D /* HorizontalListUITests.swift */,
				8A0D70301F934CCC0034C66D /* Info.plist */,
			);
			path = HorizontalListUITests;
			sourceTree = "<group>";
		};
/* End PBXGroup section */

/* Begin PBXNativeTarget section */
		8A0D700A1F934CCB0034C66D /* HorizontalList */ = {
			isa = PBXNativeTarget;
			buildConfigurationList = 8A0D70331F934CCC0034C66D /* Build configuration list for PBXNativeTarget "HorizontalList" */;
			buildPhases = (
				8A0D70071F934CCB0034C66D /* Sources */,
				8A0D70081F934CCB0034C66D /* Frameworks */,
				8A0D70091F934CCB0034C66D /* Resources */,
			);
			buildRules = (
			);
			dependencies = (
			);
			name = HorizontalList;
			productName = HorizontalList;
			productReference = 8A0D700B1F934CCB0034C66D /* HorizontalList.app */;
			productType = "com.apple.product-type.application";
		};
		8A0D701E1F934CCC0034C66D /* HorizontalListTests */ = {
			isa = PBXNativeTarget;
			buildConfigurationList = 8A0D70361F934CCC0034C66D /* Build configuration list for PBXNativeTarget "HorizontalListTests" */;
			buildPhases = (
				8A0D701B1F934CCC0034C66D /* Sources */,
				8A0D701C1F934CCC0034C66D /* Frameworks */,
				8A0D701D1F934CCC0034C66D /* Resources */,
			);
			buildRules = (
			);
			dependencies = (
				8A0D70211F934CCC0034C66D /* PBXTargetDependency */,
			);
			name = HorizontalListTests;
			productName = HorizontalListTests;
			productReference = 8A0D701F1F934CCC0034C66D /* HorizontalListTests.xctest */;
			productType = "com.apple.product-type.bundle.unit-test";
		};
		8A0D70291F934CCC0034C66D /* HorizontalListUITests */ = {
			isa = PBXNativeTarget;
			buildConfigurationList = 8A0D70391F934CCC0034C66D /* Build configuration list for PBXNativeTarget "HorizontalListUITests" */;
			buildPhases = (
				8A0D70261F934CCC0034C66D /* Sources */,
				8A0D70271F934CCC0034C66D /* Frameworks */,
				8A0D70281F934CCC0034C66D /* Resources */,
			);
			buildRules = (
			);
			dependencies = (
				8A0D702C1F934CCC0034C66D /* PBXTargetDependency */,
			);
			name = HorizontalListUITests;
			productName = HorizontalListUITests;
			productReference = 8A0D702A1F934CCC0034C66D /* HorizontalListUITests.xctest */;
			productType = "com.apple.product-type.bundle.ui-testing";
		};
/* End PBXNativeTarget section */

/* Begin PBXProject section */
		8A0D70031F934CCB0034C66D /* Project object */ = {
			isa = PBXProject;
			attributes = {
				LastSwiftUpdateCheck = 0900;
				LastUpgradeCheck = 0900;
				ORGANIZATIONNAME = "Matan Cohen";
				TargetAttributes = {
					8A0D700A1F934CCB0034C66D = {
						CreatedOnToolsVersion = 9.0;
						ProvisioningStyle = Automatic;
					};
					8A0D701E1F934CCC0034C66D = {
						CreatedOnToolsVersion = 9.0;
						ProvisioningStyle = Automatic;
						TestTargetID = 8A0D700A1F934CCB0034C66D;
					};
					8A0D70291F934CCC0034C66D = {
						CreatedOnToolsVersion = 9.0;
						ProvisioningStyle = Automatic;
						TestTargetID = 8A0D700A1F934CCB0034C66D;
					};
				};
			};
			buildConfigurationList = 8A0D70061F934CCB0034C66D /* Build configuration list for PBXProject "HorizontalList" */;
			compatibilityVersion = "Xcode 8.0";
			developmentRegion = en;
			hasScannedForEncodings = 0;
			knownRegions = (
				en,
				Base,
			);
			mainGroup = 8A0D70021F934CCB0034C66D;
			productRefGroup = 8A0D700C1F934CCB0034C66D /* Products */;
			projectDirPath = "";
			projectRoot = "";
			targets = (
				8A0D700A1F934CCB0034C66D /* HorizontalList */,
				8A0D701E1F934CCC0034C66D /* HorizontalListTests */,
				8A0D70291F934CCC0034C66D /* HorizontalListUITests */,
			);
		};
/* End PBXProject section */

/* Begin PBXResourcesBuildPhase section */
		8A0D70091F934CCB0034C66D /* Resources */ = {
			isa = PBXResourcesBuildPhase;
			buildActionMask = 2147483647;
			files = (
				8A0D70191F934CCB0034C66D /* LaunchScreen.storyboard in Resources */,
				8A0D70161F934CCB0034C66D /* Assets.xcassets in Resources */,
				8A0D70141F934CCB0034C66D /* Main.storyboard in Resources */,
			);
			runOnlyForDeploymentPostprocessing = 0;
		};
		8A0D701D1F934CCC0034C66D /* Resources */ = {
			isa = PBXResourcesBuildPhase;
			buildActionMask = 2147483647;
			files = (
			);
			runOnlyForDeploymentPostprocessing = 0;
		};
		8A0D70281F934CCC0034C66D /* Resources */ = {
			isa = PBXResourcesBuildPhase;
			buildActionMask = 2147483647;
			files = (
			);
			runOnlyForDeploymentPostprocessing = 0;
		};
/* End PBXResourcesBuildPhase section */

/* Begin PBXSourcesBuildPhase section */
		8A0D70071F934CCB0034C66D /* Sources */ = {
			isa = PBXSourcesBuildPhase;
			buildActionMask = 2147483647;
			files = (
				8A0D70111F934CCB0034C66D /* ViewController.swift in Sources */,
				8A0D700F1F934CCB0034C66D /* AppDelegate.swift in Sources */,
				8A0D703E1F934CFC0034C66D /* HorizontalList.swift in Sources */,
			);
			runOnlyForDeploymentPostprocessing = 0;
		};
		8A0D701B1F934CCC0034C66D /* Sources */ = {
			isa = PBXSourcesBuildPhase;
			buildActionMask = 2147483647;
			files = (
				8A0D70241F934CCC0034C66D /* HorizontalListTests.swift in Sources */,
			);
			runOnlyForDeploymentPostprocessing = 0;
		};
		8A0D70261F934CCC0034C66D /* Sources */ = {
			isa = PBXSourcesBuildPhase;
			buildActionMask = 2147483647;
			files = (
				8A0D702F1F934CCC0034C66D /* HorizontalListUITests.swift in Sources */,
			);
			runOnlyForDeploymentPostprocessing = 0;
		};
/* End PBXSourcesBuildPhase section */

/* Begin PBXTargetDependency section */
		8A0D70211F934CCC0034C66D /* PBXTargetDependency */ = {
			isa = PBXTargetDependency;
			target = 8A0D700A1F934CCB0034C66D /* HorizontalList */;
			targetProxy = 8A0D70201F934CCC0034C66D /* PBXContainerItemProxy */;
		};
		8A0D702C1F934CCC0034C66D /* PBXTargetDependency */ = {
			isa = PBXTargetDependency;
			target = 8A0D700A1F934CCB0034C66D /* HorizontalList */;
			targetProxy = 8A0D702B1F934CCC0034C66D /* PBXContainerItemProxy */;
		};
/* End PBXTargetDependency section */

/* Begin PBXVariantGroup section */
		8A0D70121F934CCB0034C66D /* Main.storyboard */ = {
			isa = PBXVariantGroup;
			children = (
				8A0D70131F934CCB0034C66D /* Base */,
			);
			name = Main.storyboard;
			sourceTree = "<group>";
		};
		8A0D70171F934CCB0034C66D /* LaunchScreen.storyboard */ = {
			isa = PBXVariantGroup;
			children = (
				8A0D70181F934CCB0034C66D /* Base */,
			);
			name = LaunchScreen.storyboard;
			sourceTree = "<group>";
		};
/* End PBXVariantGroup section */

/* Begin XCBuildConfiguration section */
		8A0D70311F934CCC0034C66D /* Debug */ = {
			isa = XCBuildConfiguration;
			buildSettings = {
				ALWAYS_SEARCH_USER_PATHS = NO;
				CLANG_ANALYZER_NONNULL = YES;
				CLANG_ANALYZER_NUMBER_OBJECT_CONVERSION = YES_AGGRESSIVE;
				CLANG_CXX_LANGUAGE_STANDARD = "gnu++14";
				CLANG_CXX_LIBRARY = "libc++";
				CLANG_ENABLE_MODULES = YES;
				CLANG_ENABLE_OBJC_ARC = YES;
				CLANG_WARN_BLOCK_CAPTURE_AUTORELEASING = YES;
				CLANG_WARN_BOOL_CONVERSION = YES;
				CLANG_WARN_COMMA = YES;
				CLANG_WARN_CONSTANT_CONVERSION = YES;
				CLANG_WARN_DIRECT_OBJC_ISA_USAGE = YES_ERROR;
				CLANG_WARN_DOCUMENTATION_COMMENTS = YES;
				CLANG_WARN_EMPTY_BODY = YES;
				CLANG_WARN_ENUM_CONVERSION = YES;
				CLANG_WARN_INFINITE_RECURSION = YES;
				CLANG_WARN_INT_CONVERSION = YES;
				CLANG_WARN_NON_LITERAL_NULL_CONVERSION = YES;
				CLANG_WARN_OBJC_LITERAL_CONVERSION = YES;
				CLANG_WARN_OBJC_ROOT_CLASS = YES_ERROR;
				CLANG_WARN_RANGE_LOOP_ANALYSIS = YES;
				CLANG_WARN_STRICT_PROTOTYPES = YES;
				CLANG_WARN_SUSPICIOUS_MOVE = YES;
				CLANG_WARN_UNGUARDED_AVAILABILITY = YES_AGGRESSIVE;
				CLANG_WARN_UNREACHABLE_CODE = YES;
				CLANG_WARN__DUPLICATE_METHOD_MATCH = YES;
				CODE_SIGN_IDENTITY = "iPhone Developer";
				COPY_PHASE_STRIP = NO;
				DEBUG_INFORMATION_FORMAT = dwarf;
				ENABLE_STRICT_OBJC_MSGSEND = YES;
				ENABLE_TESTABILITY = YES;
				GCC_C_LANGUAGE_STANDARD = gnu11;
				GCC_DYNAMIC_NO_PIC = NO;
				GCC_NO_COMMON_BLOCKS = YES;
				GCC_OPTIMIZATION_LEVEL = 0;
				GCC_PREPROCESSOR_DEFINITIONS = (
					"DEBUG=1",
					"$(inherited)",
				);
				GCC_WARN_64_TO_32_BIT_CONVERSION = YES;
				GCC_WARN_ABOUT_RETURN_TYPE = YES_ERROR;
				GCC_WARN_UNDECLARED_SELECTOR = YES;
				GCC_WARN_UNINITIALIZED_AUTOS = YES_AGGRESSIVE;
				GCC_WARN_UNUSED_FUNCTION = YES;
				GCC_WARN_UNUSED_VARIABLE = YES;
				IPHONEOS_DEPLOYMENT_TARGET = 11.0;
				MTL_ENABLE_DEBUG_INFO = YES;
				ONLY_ACTIVE_ARCH = YES;
				SDKROOT = iphoneos;
				SWIFT_ACTIVE_COMPILATION_CONDITIONS = DEBUG;
				SWIFT_OPTIMIZATION_LEVEL = "-Onone";
			};
			name = Debug;
		};
		8A0D70321F934CCC0034C66D /* Release */ = {
			isa = XCBuildConfiguration;
			buildSettings = {
				ALWAYS_SEARCH_USER_PATHS = NO;
				CLANG_ANALYZER_NONNULL = YES;
				CLANG_ANALYZER_NUMBER_OBJECT_CONVERSION = YES_AGGRESSIVE;
				CLANG_CXX_LANGUAGE_STANDARD = "gnu++14";
				CLANG_CXX_LIBRARY = "libc++";
				CLANG_ENABLE_MODULES = YES;
				CLANG_ENABLE_OBJC_ARC = YES;
				CLANG_WARN_BLOCK_CAPTURE_AUTORELEASING = YES;
				CLANG_WARN_BOOL_CONVERSION = YES;
				CLANG_WARN_COMMA = YES;
				CLANG_WARN_CONSTANT_CONVERSION = YES;
				CLANG_WARN_DIRECT_OBJC_ISA_USAGE = YES_ERROR;
				CLANG_WARN_DOCUMENTATION_COMMENTS = YES;
				CLANG_WARN_EMPTY_BODY = YES;
				CLANG_WARN_ENUM_CONVERSION = YES;
				CLANG_WARN_INFINITE_RECURSION = YES;
				CLANG_WARN_INT_CONVERSION = YES;
				CLANG_WARN_NON_LITERAL_NULL_CONVERSION = YES;
				CLANG_WARN_OBJC_LITERAL_CONVERSION = YES;
				CLANG_WARN_OBJC_ROOT_CLASS = YES_ERROR;
				CLANG_WARN_RANGE_LOOP_ANALYSIS = YES;
				CLANG_WARN_STRICT_PROTOTYPES = YES;
				CLANG_WARN_SUSPICIOUS_MOVE = YES;
				CLANG_WARN_UNGUARDED_AVAILABILITY = YES_AGGRESSIVE;
				CLANG_WARN_UNREACHABLE_CODE = YES;
				CLANG_WARN__DUPLICATE_METHOD_MATCH = YES;
				CODE_SIGN_IDENTITY = "iPhone Developer";
				COPY_PHASE_STRIP = NO;
				DEBUG_INFORMATION_FORMAT = "dwarf-with-dsym";
				ENABLE_NS_ASSERTIONS = NO;
				ENABLE_STRICT_OBJC_MSGSEND = YES;
				GCC_C_LANGUAGE_STANDARD = gnu11;
				GCC_NO_COMMON_BLOCKS = YES;
				GCC_WARN_64_TO_32_BIT_CONVERSION = YES;
				GCC_WARN_ABOUT_RETURN_TYPE = YES_ERROR;
				GCC_WARN_UNDECLARED_SELECTOR = YES;
				GCC_WARN_UNINITIALIZED_AUTOS = YES_AGGRESSIVE;
				GCC_WARN_UNUSED_FUNCTION = YES;
				GCC_WARN_UNUSED_VARIABLE = YES;
				IPHONEOS_DEPLOYMENT_TARGET = 11.0;
				MTL_ENABLE_DEBUG_INFO = NO;
				SDKROOT = iphoneos;
				SWIFT_OPTIMIZATION_LEVEL = "-Owholemodule";
				VALIDATE_PRODUCT = YES;
			};
			name = Release;
		};
		8A0D70341F934CCC0034C66D /* Debug */ = {
			isa = XCBuildConfiguration;
			buildSettings = {
				ASSETCATALOG_COMPILER_APPICON_NAME = AppIcon;
				CODE_SIGN_STYLE = Automatic;
				INFOPLIST_FILE = HorizontalList/Info.plist;
				LD_RUNPATH_SEARCH_PATHS = "$(inherited) @executable_path/Frameworks";
				PRODUCT_BUNDLE_IDENTIFIER = mc.HorizontalList;
				PRODUCT_NAME = "$(TARGET_NAME)";
				SWIFT_VERSION = 4.0;
				TARGETED_DEVICE_FAMILY = "1,2";
			};
			name = Debug;
		};
		8A0D70351F934CCC0034C66D /* Release */ = {
			isa = XCBuildConfiguration;
			buildSettings = {
				ASSETCATALOG_COMPILER_APPICON_NAME = AppIcon;
				CODE_SIGN_STYLE = Automatic;
				INFOPLIST_FILE = HorizontalList/Info.plist;
				LD_RUNPATH_SEARCH_PATHS = "$(inherited) @executable_path/Frameworks";
				PRODUCT_BUNDLE_IDENTIFIER = mc.HorizontalList;
				PRODUCT_NAME = "$(TARGET_NAME)";
				SWIFT_VERSION = 4.0;
				TARGETED_DEVICE_FAMILY = "1,2";
			};
			name = Release;
		};
		8A0D70371F934CCC0034C66D /* Debug */ = {
			isa = XCBuildConfiguration;
			buildSettings = {
				ALWAYS_EMBED_SWIFT_STANDARD_LIBRARIES = YES;
				BUNDLE_LOADER = "$(TEST_HOST)";
				CODE_SIGN_STYLE = Automatic;
				INFOPLIST_FILE = HorizontalListTests/Info.plist;
				LD_RUNPATH_SEARCH_PATHS = "$(inherited) @executable_path/Frameworks @loader_path/Frameworks";
				PRODUCT_BUNDLE_IDENTIFIER = mc.HorizontalListTests;
				PRODUCT_NAME = "$(TARGET_NAME)";
				SWIFT_VERSION = 4.0;
				TARGETED_DEVICE_FAMILY = "1,2";
				TEST_HOST = "$(BUILT_PRODUCTS_DIR)/HorizontalList.app/HorizontalList";
			};
			name = Debug;
		};
		8A0D70381F934CCC0034C66D /* Release */ = {
			isa = XCBuildConfiguration;
			buildSettings = {
				ALWAYS_EMBED_SWIFT_STANDARD_LIBRARIES = YES;
				BUNDLE_LOADER = "$(TEST_HOST)";
				CODE_SIGN_STYLE = Automatic;
				INFOPLIST_FILE = HorizontalListTests/Info.plist;
				LD_RUNPATH_SEARCH_PATHS = "$(inherited) @executable_path/Frameworks @loader_path/Frameworks";
				PRODUCT_BUNDLE_IDENTIFIER = mc.HorizontalListTests;
				PRODUCT_NAME = "$(TARGET_NAME)";
				SWIFT_VERSION = 4.0;
				TARGETED_DEVICE_FAMILY = "1,2";
				TEST_HOST = "$(BUILT_PRODUCTS_DIR)/HorizontalList.app/HorizontalList";
			};
			name = Release;
		};
		8A0D703A1F934CCC0034C66D /* Debug */ = {
			isa = XCBuildConfiguration;
			buildSettings = {
				ALWAYS_EMBED_SWIFT_STANDARD_LIBRARIES = YES;
				CODE_SIGN_STYLE = Automatic;
				INFOPLIST_FILE = HorizontalListUITests/Info.plist;
				LD_RUNPATH_SEARCH_PATHS = "$(inherited) @executable_path/Frameworks @loader_path/Frameworks";
				PRODUCT_BUNDLE_IDENTIFIER = mc.HorizontalListUITests;
				PRODUCT_NAME = "$(TARGET_NAME)";
				SWIFT_VERSION = 4.0;
				TARGETED_DEVICE_FAMILY = "1,2";
				TEST_TARGET_NAME = HorizontalList;
			};
			name = Debug;
		};
		8A0D703B1F934CCC0034C66D /* Release */ = {
			isa = XCBuildConfiguration;
			buildSettings = {
				ALWAYS_EMBED_SWIFT_STANDARD_LIBRARIES = YES;
				CODE_SIGN_STYLE = Automatic;
				INFOPLIST_FILE = HorizontalListUITests/Info.plist;
				LD_RUNPATH_SEARCH_PATHS = "$(inherited) @executable_path/Frameworks @loader_path/Frameworks";
				PRODUCT_BUNDLE_IDENTIFIER = mc.HorizontalListUITests;
				PRODUCT_NAME = "$(TARGET_NAME)";
				SWIFT_VERSION = 4.0;
				TARGETED_DEVICE_FAMILY = "1,2";
				TEST_TARGET_NAME = HorizontalList;
			};
			name = Release;
		};
/* End XCBuildConfiguration section */

/* Begin XCConfigurationList section */
		8A0D70061F934CCB0034C66D /* Build configuration list for PBXProject "HorizontalList" */ = {
			isa = XCConfigurationList;
			buildConfigurations = (
				8A0D70311F934CCC0034C66D /* Debug */,
				8A0D70321F934CCC0034C66D /* Release */,
			);
			defaultConfigurationIsVisible = 0;
			defaultConfigurationName = Release;
		};
		8A0D70331F934CCC0034C66D /* Build configuration list for PBXNativeTarget "HorizontalList" */ = {
			isa = XCConfigurationList;
			buildConfigurations = (
				8A0D70341F934CCC0034C66D /* Debug */,
				8A0D70351F934CCC0034C66D /* Release */,
			);
			defaultConfigurationIsVisible = 0;
			defaultConfigurationName = Release;
		};
		8A0D70361F934CCC0034C66D /* Build configuration list for PBXNativeTarget "HorizontalListTests" */ = {
			isa = XCConfigurationList;
			buildConfigurations = (
				8A0D70371F934CCC0034C66D /* Debug */,
				8A0D70381F934CCC0034C66D /* Release */,
			);
			defaultConfigurationIsVisible = 0;
			defaultConfigurationName = Release;
		};
		8A0D70391F934CCC0034C66D /* Build configuration list for PBXNativeTarget "HorizontalListUITests" */ = {
			isa = XCConfigurationList;
			buildConfigurations = (
				8A0D703A1F934CCC0034C66D /* Debug */,
				8A0D703B1F934CCC0034C66D /* Release */,
			);
			defaultConfigurationIsVisible = 0;
			defaultConfigurationName = Release;
		};
/* End XCConfigurationList section */
	};
	rootObject = 8A0D70031F934CCB0034C66D /* Project object */;
}
